# This file is automatically @generated by Poetry 1.4.2 and should not be changed by hand.

[[package]]
name = "pypdf"
version = "3.16.2"
description = "A pure-python PDF library capable of splitting, merging, cropping, and transforming PDF files"
category = "main"
optional = false
python-versions = ">=3.6"
files = [
    {file = "pypdf-3.16.2-py3-none-any.whl", hash = "sha256:d132953be1e2af7b115fbfd445459fdfc601a845ca12379160e1b6afaa1fef2c"},
    {file = "pypdf-3.16.2.tar.gz", hash = "sha256:6e000281fd0f4cd32e6f1e75b05af0b6c0fbbd9777fa9a8e9d86e34cda65419d"},
]

[package.extras]
crypto = ["PyCryptodome", "cryptography"]
dev = ["black", "flit", "pip-tools", "pre-commit (<2.18.0)", "pytest-cov", "pytest-socket", "pytest-timeout", "wheel"]
docs = ["myst_parser", "sphinx", "sphinx_rtd_theme"]
full = ["Pillow (>=8.0.0)", "PyCryptodome", "cryptography"]
image = ["Pillow (>=8.0.0)"]

[metadata]
lock-version = "2.0"
python-versions = "^3.11"
content-hash = "bfd1bbe77474dd1e47bcb70d6282598d3bc7e6c7be0c40abd6c6950fcb328a3e"
